
Microsoft Visual Studio Solution File, Format Version 12.00
# Visual Studio 15
VisualStudioVersion = 15.0.27428.2015
MinimumVisualStudioVersion = 10.0.40219.1
Project("{FAE04EC0-301F-11D3-BF4B-00C04F79EFBC}") = "IPL", "IPL\IPL.csproj", "{5D8E6BAE-A991-4D32-A97C-A0220E45883B}"
EndProject
Global
	GlobalSection(SolutionConfigurationPlatforms) = preSolution
		Debug|Any CPU = Debug|Any CPU
		Release|Any CPU = Release|Any CPU
	EndGlobalSection
	GlobalSection(ProjectConfigurationPlatforms) = postSolution
		{5D8E6BAE-A991-4D32-A97C-A0220E45883B}.Debug|Any CPU.ActiveCfg = Debug|Any CPU
		{5D8E6BAE-A991-4D32-A97C-A0220E45883B}.Debug|Any CPU.Build.0 = Debug|Any CPU
		{5D8E6BAE-A991-4D32-A97C-A0220E45883B}.Release|Any CPU.ActiveCfg = Release|Any CPU
		{5D8E6BAE-A991-4D32-A97C-A0220E45883B}.Release|Any CPU.Build.0 = Release|Any CPU
	EndGlobalSection
	GlobalSection(SolutionProperties) = preSolution
		HideSolutionNode = FALSE
	EndGlobalSection
	GlobalSection(ExtensibilityGlobals) = postSolution
		SolutionGuid = {F916FC95-CC7F-45DE-8641-F7CD71A9FDCA}
	EndGlobalSection
EndGlobal
